
Microsoft Visual Studio Solution File, Format Version 12.00
# Visual Studio 2013
VisualStudioVersion = 12.0.31101.0
MinimumVisualStudioVersion = 10.0.40219.1
Project("{FAE04EC0-301F-11D3-BF4B-00C04F79EFBC}") = "ACSMinCapture", "ACSMinCapture\ACSMinCapture.csproj", "{7B82EA63-D5D0-4F8B-822E-4CBF4DF6884E}"
EndProject
Global
	GlobalSection(SubversionScc) = preSolution
		Svn-Managed = True
		Manager = AnkhSVN - Subversion Support for Visual Studio
	EndGlobalSection
	GlobalSection(SolutionConfigurationPlatforms) = preSolution
		CD_ROM|Any CPU = CD_ROM|Any CPU
		Debug|Any CPU = Debug|Any CPU
		DVD-5|Any CPU = DVD-5|Any CPU
		Release|Any CPU = Release|Any CPU
		SingleImage|Any CPU = SingleImage|Any CPU
	EndGlobalSection
	GlobalSection(ProjectConfigurationPlatforms) = postSolution
		{7B82EA63-D5D0-4F8B-822E-4CBF4DF6884E}.CD_ROM|Any CPU.ActiveCfg = Release|Any CPU
		{7B82EA63-D5D0-4F8B-822E-4CBF4DF6884E}.CD_ROM|Any CPU.Build.0 = Release|Any CPU
		{7B82EA63-D5D0-4F8B-822E-4CBF4DF6884E}.Debug|Any CPU.ActiveCfg = Debug|Any CPU
		{7B82EA63-D5D0-4F8B-822E-4CBF4DF6884E}.Debug|Any CPU.Build.0 = Debug|Any CPU
		{7B82EA63-D5D0-4F8B-822E-4CBF4DF6884E}.DVD-5|Any CPU.ActiveCfg = Debug|Any CPU
		{7B82EA63-D5D0-4F8B-822E-4CBF4DF6884E}.DVD-5|Any CPU.Build.0 = Debug|Any CPU
		{7B82EA63-D5D0-4F8B-822E-4CBF4DF6884E}.Release|Any CPU.ActiveCfg = Release|Any CPU
		{7B82EA63-D5D0-4F8B-822E-4CBF4DF6884E}.Release|Any CPU.Build.0 = Release|Any CPU
		{7B82EA63-D5D0-4F8B-822E-4CBF4DF6884E}.SingleImage|Any CPU.ActiveCfg = Release|Any CPU
		{7B82EA63-D5D0-4F8B-822E-4CBF4DF6884E}.SingleImage|Any CPU.Build.0 = Release|Any CPU
	EndGlobalSection
	GlobalSection(SolutionProperties) = preSolution
		HideSolutionNode = FALSE
	EndGlobalSection
EndGlobal
